{
  "pins" : [
    {
      "identity" : "mmob-client-ios",
      "kind" : "remoteSourceControl",
      "location" : "https://github.com/mmob-tech/mmob-client-ios.git",
      "state" : {
        "revision" : "e2aac16e0adbf7e8546387b82da05b7cf4037dde",
        "version" : "0.4.10"
      }
    }
  ],
  "version" : 2
}
